// !$*UTF8*$!
{
	archiveVersion = 1;
	classes = {
	};
	objectVersion = 46;
	objects = {

/* Begin PBXBuildFile section */
		560532481AB13F4A000AF70D /* AppDelegate.swift in Sources */ = {isa = PBXBuildFile; fileRef = 560532471AB13F4A000AF70D /* AppDelegate.swift */; };
		5605324F1AB13F4A000AF70D /* Images.xcassets in Resources */ = {isa = PBXBuildFile; fileRef = 5605324E1AB13F4A000AF70D /* Images.xcassets */; };
		560532521AB13F4A000AF70D /* LaunchScreen.xib in Resources */ = {isa = PBXBuildFile; fileRef = 560532501AB13F4A000AF70D /* LaunchScreen.xib */; };
		5605325E1AB13F4A000AF70D /* TraqqerTests.swift in Sources */ = {isa = PBXBuildFile; fileRef = 5605325D1AB13F4A000AF70D /* TraqqerTests.swift */; };
/* End PBXBuildFile section */

/* Begin PBXContainerItemProxy section */
		560532581AB13F4A000AF70D /* PBXContainerItemProxy */ = {
			isa = PBXContainerItemProxy;
			containerPortal = 5605323A1AB13F4A000AF70D /* Project object */;
			proxyType = 1;
			remoteGlobalIDString = 560532411AB13F4A000AF70D;
			remoteInfo = Traqqer;
		};
/* End PBXContainerItemProxy section */

/* Begin PBXFileReference section */
		560532421AB13F4A000AF70D /* Traqqer.app */ = {isa = PBXFileReference; explicitFileType = wrapper.application; includeInIndex = 0; path = Traqqer.app; sourceTree = BUILT_PRODUCTS_DIR; };
		560532461AB13F4A000AF70D /* Info.plist */ = {isa = PBXFileReference; lastKnownFileType = text.plist.xml; path = Info.plist; sourceTree = "<group>"; };
		560532471AB13F4A000AF70D /* AppDelegate.swift */ = {isa = PBXFileReference; lastKnownFileType = sourcecode.swift; path = AppDelegate.swift; sourceTree = "<group>"; };
		5605324E1AB13F4A000AF70D /* Images.xcassets */ = {isa = PBXFileReference; lastKnownFileType = folder.assetcatalog; path = Images.xcassets; sourceTree = "<group>"; };
		560532511AB13F4A000AF70D /* Base */ = {isa = PBXFileReference; lastKnownFileType = file.xib; name = Base; path = Base.lproj/LaunchScreen.xib; sourceTree = "<group>"; };
		560532571AB13F4A000AF70D /* TraqqerTests.xctest */ = {isa = PBXFileReference; explicitFileType = wrapper.cfbundle; includeInIndex = 0; path = TraqqerTests.xctest; sourceTree = BUILT_PRODUCTS_DIR; };
		5605325C1AB13F4A000AF70D /* Info.plist */ = {isa = PBXFileReference; lastKnownFileType = text.plist.xml; path = Info.plist; sourceTree = "<group>"; };
		5605325D1AB13F4A000AF70D /* TraqqerTests.swift */ = {isa = PBXFileReference; lastKnownFileType = sourcecode.swift; path = TraqqerTests.swift; sourceTree = "<group>"; };
/* End PBXFileReference section */

/* Begin PBXFrameworksBuildPhase section */
		5605323F1AB13F4A000AF70D /* Frameworks */ = {
			isa = PBXFrameworksBuildPhase;
			buildActionMask = 2147483647;
			files = (
			);
			runOnlyForDeploymentPostprocessing = 0;
		};
		560532541AB13F4A000AF70D /* Frameworks */ = {
			isa = PBXFrameworksBuildPhase;
			buildActionMask = 2147483647;
			files = (
			);
			runOnlyForDeploymentPostprocessing = 0;
		};
/* End PBXFrameworksBuildPhase section */

/* Begin PBXGroup section */
		560532391AB13F4A000AF70D = {
			isa = PBXGroup;
			children = (
				560532441AB13F4A000AF70D /* Traqqer */,
				5605325A1AB13F4A000AF70D /* TraqqerTests */,
				560532431AB13F4A000AF70D /* Products */,
			);
			sourceTree = "<group>";
		};
		560532431AB13F4A000AF70D /* Products */ = {
			isa = PBXGroup;
			children = (
				560532421AB13F4A000AF70D /* Traqqer.app */,
				560532571AB13F4A000AF70D /* TraqqerTests.xctest */,
			);
			name = Products;
			sourceTree = "<group>";
		};
		560532441AB13F4A000AF70D /* Traqqer */ = {
			isa = PBXGroup;
			children = (
				560532471AB13F4A000AF70D /* AppDelegate.swift */,
				5605324E1AB13F4A000AF70D /* Images.xcassets */,
				560532501AB13F4A000AF70D /* LaunchScreen.xib */,
				560532451AB13F4A000AF70D /* Supporting Files */,
			);
			path = Traqqer;
			sourceTree = "<group>";
		};
		560532451AB13F4A000AF70D /* Supporting Files */ = {
			isa = PBXGroup;
			children = (
				560532461AB13F4A000AF70D /* Info.plist */,
			);
			name = "Supporting Files";
			sourceTree = "<group>";
		};
		5605325A1AB13F4A000AF70D /* TraqqerTests */ = {
			isa = PBXGroup;
			children = (
				5605325D1AB13F4A000AF70D /* TraqqerTests.swift */,
				5605325B1AB13F4A000AF70D /* Supporting Files */,
			);
			path = TraqqerTests;
			sourceTree = "<group>";
		};
		5605325B1AB13F4A000AF70D /* Supporting Files */ = {
			isa = PBXGroup;
			children = (
				5605325C1AB13F4A000AF70D /* Info.plist */,
			);
			name = "Supporting Files";
			sourceTree = "<group>";
		};
/* End PBXGroup section */

/* Begin PBXNativeTarget section */
		560532411AB13F4A000AF70D /* Traqqer */ = {
			isa = PBXNativeTarget;
			buildConfigurationList = 560532611AB13F4A000AF70D /* Build configuration list for PBXNativeTarget "Traqqer" */;
			buildPhases = (
				5605323E1AB13F4A000AF70D /* Sources */,
				5605323F1AB13F4A000AF70D /* Frameworks */,
				560532401AB13F4A000AF70D /* Resources */,
			);
			buildRules = (
			);
			dependencies = (
			);
			name = Traqqer;
			productName = Traqqer;
			productReference = 560532421AB13F4A000AF70D /* Traqqer.app */;
			productType = "com.apple.product-type.application";
		};
		560532561AB13F4A000AF70D /* TraqqerTests */ = {
			isa = PBXNativeTarget;
			buildConfigurationList = 560532641AB13F4A000AF70D /* Build configuration list for PBXNativeTarget "TraqqerTests" */;
			buildPhases = (
				560532531AB13F4A000AF70D /* Sources */,
				560532541AB13F4A000AF70D /* Frameworks */,
				560532551AB13F4A000AF70D /* Resources */,
			);
			buildRules = (
			);
			dependencies = (
				560532591AB13F4A000AF70D /* PBXTargetDependency */,
			);
			name = TraqqerTests;
			productName = TraqqerTests;
			productReference = 560532571AB13F4A000AF70D /* TraqqerTests.xctest */;
			productType = "com.apple.product-type.bundle.unit-test";
		};
/* End PBXNativeTarget section */

/* Begin PBXProject section */
		5605323A1AB13F4A000AF70D /* Project object */ = {
			isa = PBXProject;
			attributes = {
				LastUpgradeCheck = 0620;
				ORGANIZATIONNAME = "John Boggs";
				TargetAttributes = {
					560532411AB13F4A000AF70D = {
						CreatedOnToolsVersion = 6.2;
					};
					560532561AB13F4A000AF70D = {
						CreatedOnToolsVersion = 6.2;
						TestTargetID = 560532411AB13F4A000AF70D;
					};
				};
			};
			buildConfigurationList = 5605323D1AB13F4A000AF70D /* Build configuration list for PBXProject "Traqqer" */;
			compatibilityVersion = "Xcode 3.2";
			developmentRegion = English;
			hasScannedForEncodings = 0;
			knownRegions = (
				en,
				Base,
			);
			mainGroup = 560532391AB13F4A000AF70D;
			productRefGroup = 560532431AB13F4A000AF70D /* Products */;
			projectDirPath = "";
			projectRoot = "";
			targets = (
				560532411AB13F4A000AF70D /* Traqqer */,
				560532561AB13F4A000AF70D /* TraqqerTests */,
			);
		};
/* End PBXProject section */

/* Begin PBXResourcesBuildPhase section */
		560532401AB13F4A000AF70D /* Resources */ = {
			isa = PBXResourcesBuildPhase;
			buildActionMask = 2147483647;
			files = (
				560532521AB13F4A000AF70D /* LaunchScreen.xib in Resources */,
				5605324F1AB13F4A000AF70D /* Images.xcassets in Resources */,
			);
			runOnlyForDeploymentPostprocessing = 0;
		};
		560532551AB13F4A000AF70D /* Resources */ = {
			isa = PBXResourcesBuildPhase;
			buildActionMask = 2147483647;
			files = (
			);
			runOnlyForDeploymentPostprocessing = 0;
		};
/* End PBXResourcesBuildPhase section */

/* Begin PBXSourcesBuildPhase section */
		5605323E1AB13F4A000AF70D /* Sources */ = {
			isa = PBXSourcesBuildPhase;
			buildActionMask = 2147483647;
			files = (
				560532481AB13F4A000AF70D /* AppDelegate.swift in Sources */,
			);
			runOnlyForDeploymentPostprocessing = 0;
		};
		560532531AB13F4A000AF70D /* Sources */ = {
			isa = PBXSourcesBuildPhase;
			buildActionMask = 2147483647;
			files = (
				5605325E1AB13F4A000AF70D /* TraqqerTests.swift in Sources */,
			);
			runOnlyForDeploymentPostprocessing = 0;
		};
/* End PBXSourcesBuildPhase section */

/* Begin PBXTargetDependency section */
		560532591AB13F4A000AF70D /* PBXTargetDependency */ = {
			isa = PBXTargetDependency;
			target = 560532411AB13F4A000AF70D /* Traqqer */;
			targetProxy = 560532581AB13F4A000AF70D /* PBXContainerItemProxy */;
		};
/* End PBXTargetDependency section */

/* Begin PBXVariantGroup section */
		560532501AB13F4A000AF70D /* LaunchScreen.xib */ = {
			isa = PBXVariantGroup;
			children = (
				560532511AB13F4A000AF70D /* Base */,
			);
			name = LaunchScreen.xib;
			sourceTree = "<group>";
		};
/* End PBXVariantGroup section */

/* Begin XCBuildConfiguration section */
		5605325F1AB13F4A000AF70D /* Debug */ = {
			isa = XCBuildConfiguration;
			buildSettings = {
				ALWAYS_SEARCH_USER_PATHS = NO;
				CLANG_CXX_LANGUAGE_STANDARD = "gnu++0x";
				CLANG_CXX_LIBRARY = "libc++";
				CLANG_ENABLE_MODULES = YES;
				CLANG_ENABLE_OBJC_ARC = YES;
				CLANG_WARN_BOOL_CONVERSION = YES;
				CLANG_WARN_CONSTANT_CONVERSION = YES;
				CLANG_WARN_DIRECT_OBJC_ISA_USAGE = YES_ERROR;
				CLANG_WARN_EMPTY_BODY = YES;
				CLANG_WARN_ENUM_CONVERSION = YES;
				CLANG_WARN_INT_CONVERSION = YES;
				CLANG_WARN_OBJC_ROOT_CLASS = YES_ERROR;
				CLANG_WARN_UNREACHABLE_CODE = YES;
				CLANG_WARN__DUPLICATE_METHOD_MATCH = YES;
				"CODE_SIGN_IDENTITY[sdk=iphoneos*]" = "iPhone Developer";
				COPY_PHASE_STRIP = NO;
				ENABLE_STRICT_OBJC_MSGSEND = YES;
				GCC_C_LANGUAGE_STANDARD = gnu99;
				GCC_DYNAMIC_NO_PIC = NO;
				GCC_OPTIMIZATION_LEVEL = 0;
				GCC_PREPROCESSOR_DEFINITIONS = (
					"DEBUG=1",
					"$(inherited)",
				);
				GCC_SYMBOLS_PRIVATE_EXTERN = NO;
				GCC_WARN_64_TO_32_BIT_CONVERSION = YES;
				GCC_WARN_ABOUT_RETURN_TYPE = YES_ERROR;
				GCC_WARN_UNDECLARED_SELECTOR = YES;
				GCC_WARN_UNINITIALIZED_AUTOS = YES_AGGRESSIVE;
				GCC_WARN_UNUSED_FUNCTION = YES;
				GCC_WARN_UNUSED_VARIABLE = YES;
				IPHONEOS_DEPLOYMENT_TARGET = 8.2;
				MTL_ENABLE_DEBUG_INFO = YES;
				ONLY_ACTIVE_ARCH = YES;
				SDKROOT = iphoneos;
				SWIFT_OPTIMIZATION_LEVEL = "-Onone";
			};
			name = Debug;
		};
		560532601AB13F4A000AF70D /* Release */ = {
			isa = XCBuildConfiguration;
			buildSettings = {
				ALWAYS_SEARCH_USER_PATHS = NO;
				CLANG_CXX_LANGUAGE_STANDARD = "gnu++0x";
				CLANG_CXX_LIBRARY = "libc++";
				CLANG_ENABLE_MODULES = YES;
				CLANG_ENABLE_OBJC_ARC = YES;
				CLANG_WARN_BOOL_CONVERSION = YES;
				CLANG_WARN_CONSTANT_CONVERSION = YES;
				CLANG_WARN_DIRECT_OBJC_ISA_USAGE = YES_ERROR;
				CLANG_WARN_EMPTY_BODY = YES;
				CLANG_WARN_ENUM_CONVERSION = YES;
				CLANG_WARN_INT_CONVERSION = YES;
				CLANG_WARN_OBJC_ROOT_CLASS = YES_ERROR;
				CLANG_WARN_UNREACHABLE_CODE = YES;
				CLANG_WARN__DUPLICATE_METHOD_MATCH = YES;
				"CODE_SIGN_IDENTITY[sdk=iphoneos*]" = "iPhone Developer";
				COPY_PHASE_STRIP = NO;
				ENABLE_NS_ASSERTIONS = NO;
				ENABLE_STRICT_OBJC_MSGSEND = YES;
				GCC_C_LANGUAGE_STANDARD = gnu99;
				GCC_WARN_64_TO_32_BIT_CONVERSION = YES;
				GCC_WARN_ABOUT_RETURN_TYPE = YES_ERROR;
				GCC_WARN_UNDECLARED_SELECTOR = YES;
				GCC_WARN_UNINITIALIZED_AUTOS = YES_AGGRESSIVE;
				GCC_WARN_UNUSED_FUNCTION = YES;
				GCC_WARN_UNUSED_VARIABLE = YES;
				IPHONEOS_DEPLOYMENT_TARGET = 8.2;
				MTL_ENABLE_DEBUG_INFO = NO;
				SDKROOT = iphoneos;
				VALIDATE_PRODUCT = YES;
			};
			name = Release;
		};
		560532621AB13F4A000AF70D /* Debug */ = {
			isa = XCBuildConfiguration;
			buildSettings = {
				ASSETCATALOG_COMPILER_APPICON_NAME = AppIcon;
				INFOPLIST_FILE = Traqqer/Info.plist;
				LD_RUNPATH_SEARCH_PATHS = "$(inherited) @executable_path/Frameworks";
				PRODUCT_NAME = "$(TARGET_NAME)";
			};
			name = Debug;
		};
		560532631AB13F4A000AF70D /* Release */ = {
			isa = XCBuildConfiguration;
			buildSettings = {
				ASSETCATALOG_COMPILER_APPICON_NAME = AppIcon;
				INFOPLIST_FILE = Traqqer/Info.plist;
				LD_RUNPATH_SEARCH_PATHS = "$(inherited) @executable_path/Frameworks";
				PRODUCT_NAME = "$(TARGET_NAME)";
			};
			name = Release;
		};
		560532651AB13F4A000AF70D /* Debug */ = {
			isa = XCBuildConfiguration;
			buildSettings = {
				BUNDLE_LOADER = "$(TEST_HOST)";
				FRAMEWORK_SEARCH_PATHS = (
					"$(SDKROOT)/Developer/Library/Frameworks",
					"$(inherited)",
				);
				GCC_PREPROCESSOR_DEFINITIONS = (
					"DEBUG=1",
					"$(inherited)",
				);
				INFOPLIST_FILE = TraqqerTests/Info.plist;
				LD_RUNPATH_SEARCH_PATHS = "$(inherited) @executable_path/Frameworks @loader_path/Frameworks";
				PRODUCT_NAME = "$(TARGET_NAME)";
				TEST_HOST = "$(BUILT_PRODUCTS_DIR)/Traqqer.app/Traqqer";
			};
			name = Debug;
		};
		560532661AB13F4A000AF70D /* Release */ = {
			isa = XCBuildConfiguration;
			buildSettings = {
				BUNDLE_LOADER = "$(TEST_HOST)";
				FRAMEWORK_SEARCH_PATHS = (
					"$(SDKROOT)/Developer/Library/Frameworks",
					"$(inherited)",
				);
				INFOPLIST_FILE = TraqqerTests/Info.plist;
				LD_RUNPATH_SEARCH_PATHS = "$(inherited) @executable_path/Frameworks @loader_path/Frameworks";
				PRODUCT_NAME = "$(TARGET_NAME)";
				TEST_HOST = "$(BUILT_PRODUCTS_DIR)/Traqqer.app/Traqqer";
			};
			name = Release;
		};
/* End XCBuildConfiguration section */

/* Begin XCConfigurationList section */
		5605323D1AB13F4A000AF70D /* Build configuration list for PBXProject "Traqqer" */ = {
			isa = XCConfigurationList;
			buildConfigurations = (
				5605325F1AB13F4A000AF70D /* Debug */,
				560532601AB13F4A000AF70D /* Release */,
			);
			defaultConfigurationIsVisible = 0;
			defaultConfigurationName = Release;
		};
		560532611AB13F4A000AF70D /* Build configuration list for PBXNativeTarget "Traqqer" */ = {
			isa = XCConfigurationList;
			buildConfigurations = (
				560532621AB13F4A000AF70D /* Debug */,
				560532631AB13F4A000AF70D /* Release */,
			);
			defaultConfigurationIsVisible = 0;
		};
		560532641AB13F4A000AF70D /* Build configuration list for PBXNativeTarget "TraqqerTests" */ = {
			isa = XCConfigurationList;
			buildConfigurations = (
				560532651AB13F4A000AF70D /* Debug */,
				560532661AB13F4A000AF70D /* Release */,
			);
			defaultConfigurationIsVisible = 0;
		};
/* End XCConfigurationList section */
	};
	rootObject = 5605323A1AB13F4A000AF70D /* Project object */;
}
